
Microsoft Visual Studio Solution File, Format Version 12.00
# Visual Studio Version 17
VisualStudioVersion = 17.0.31903.59
MinimumVisualStudioVersion = 10.0.40219.1
Project("{FAE04EC0-301F-11D3-BF4B-00C04F79EFBC}") = "To_Do_List_Prod", "To_do_list\To_Do_List_Prod.csproj", "{162D1719-BE80-4981-A411-25E7AE45133E}"
EndProject
Project("{FAE04EC0-301F-11D3-BF4B-00C04F79EFBC}") = "ToDoList.Tests", "ToDoList.Tests\ToDoList.Tests.csproj", "{5E0D4B0A-5220-4CCB-AAFB-B26786D5DFC9}"
EndProject
Global
	GlobalSection(SolutionConfigurationPlatforms) = preSolution
		Debug|Any CPU = Debug|Any CPU
		Release|Any CPU = Release|Any CPU
	EndGlobalSection
	GlobalSection(SolutionProperties) = preSolution
		HideSolutionNode = FALSE
	EndGlobalSection
	GlobalSection(ProjectConfigurationPlatforms) = postSolution
		{162D1719-BE80-4981-A411-25E7AE45133E}.Debug|Any CPU.ActiveCfg = Debug|Any CPU
		{162D1719-BE80-4981-A411-25E7AE45133E}.Debug|Any CPU.Build.0 = Debug|Any CPU
		{162D1719-BE80-4981-A411-25E7AE45133E}.Release|Any CPU.ActiveCfg = Release|Any CPU
		{162D1719-BE80-4981-A411-25E7AE45133E}.Release|Any CPU.Build.0 = Release|Any CPU
		{5E0D4B0A-5220-4CCB-AAFB-B26786D5DFC9}.Debug|Any CPU.ActiveCfg = Debug|Any CPU
		{5E0D4B0A-5220-4CCB-AAFB-B26786D5DFC9}.Debug|Any CPU.Build.0 = Debug|Any CPU
		{5E0D4B0A-5220-4CCB-AAFB-B26786D5DFC9}.Release|Any CPU.ActiveCfg = Release|Any CPU
		{5E0D4B0A-5220-4CCB-AAFB-B26786D5DFC9}.Release|Any CPU.Build.0 = Release|Any CPU
	EndGlobalSection
EndGlobal
